
Microsoft Visual Studio Solution File, Format Version 12.00
Project("{FAE04EC0-301F-11D3-BF4B-00C04F79EFBC}") = "TourOfHeroes", "TourOfHeroes\TourOfHeroes.csproj", "{AFBD1B23-076F-4ED8-AC25-257FED3A173D}"
EndProject
Global
	GlobalSection(SolutionConfigurationPlatforms) = preSolution
		Debug|Any CPU = Debug|Any CPU
		Release|Any CPU = Release|Any CPU
	EndGlobalSection
	GlobalSection(ProjectConfigurationPlatforms) = postSolution
		{AFBD1B23-076F-4ED8-AC25-257FED3A173D}.Debug|Any CPU.ActiveCfg = Debug|Any CPU
		{AFBD1B23-076F-4ED8-AC25-257FED3A173D}.Debug|Any CPU.Build.0 = Debug|Any CPU
		{AFBD1B23-076F-4ED8-AC25-257FED3A173D}.Release|Any CPU.ActiveCfg = Release|Any CPU
		{AFBD1B23-076F-4ED8-AC25-257FED3A173D}.Release|Any CPU.Build.0 = Release|Any CPU
	EndGlobalSection
EndGlobal
